
Microsoft Visual Studio Solution File, Format Version 12.00
# Visual Studio 2012
Project("{FAE04EC0-301F-11D3-BF4B-00C04F79EFBC}") = "TeamWubWubSplashPage", "TeamWubWubSplashPage\TeamWubWubSplashPage.csproj", "{821ECAED-39EA-4F01-BDAF-3D6667297FF6}"
EndProject
Project("{FAE04EC0-301F-11D3-BF4B-00C04F79EFBC}") = "TeamWubWubSplashPage.Tests", "TeamWubWubSplashPage.Tests\TeamWubWubSplashPage.Tests.csproj", "{42658E7E-8DCB-461C-BFFC-8266AE1A57C5}"
EndProject
Global
	GlobalSection(SolutionConfigurationPlatforms) = preSolution
		Debug|Any CPU = Debug|Any CPU
		Release|Any CPU = Release|Any CPU
	EndGlobalSection
	GlobalSection(ProjectConfigurationPlatforms) = postSolution
		{821ECAED-39EA-4F01-BDAF-3D6667297FF6}.Debug|Any CPU.ActiveCfg = Debug|Any CPU
		{821ECAED-39EA-4F01-BDAF-3D6667297FF6}.Debug|Any CPU.Build.0 = Debug|Any CPU
		{821ECAED-39EA-4F01-BDAF-3D6667297FF6}.Release|Any CPU.ActiveCfg = Release|Any CPU
		{821ECAED-39EA-4F01-BDAF-3D6667297FF6}.Release|Any CPU.Build.0 = Release|Any CPU
		{42658E7E-8DCB-461C-BFFC-8266AE1A57C5}.Debug|Any CPU.ActiveCfg = Debug|Any CPU
		{42658E7E-8DCB-461C-BFFC-8266AE1A57C5}.Debug|Any CPU.Build.0 = Debug|Any CPU
		{42658E7E-8DCB-461C-BFFC-8266AE1A57C5}.Release|Any CPU.ActiveCfg = Release|Any CPU
		{42658E7E-8DCB-461C-BFFC-8266AE1A57C5}.Release|Any CPU.Build.0 = Release|Any CPU
	EndGlobalSection
	GlobalSection(SolutionProperties) = preSolution
		HideSolutionNode = FALSE
	EndGlobalSection
EndGlobal
